// !$*UTF8*$!
{
	archiveVersion = 1;
	classes = {
	};
	objectVersion = 77;
	objects = {

/* Begin PBXBuildFile section */
		A9568E192F73CFDD00F945B4 /* GRDB in Frameworks */ = {isa = PBXBuildFile; productRef = A9568E182F73CFDD00F945B4 /* GRDB */; };
		A9A436142F758F1C00DABD54 /* libjhara_universal.a in Frameworks */ = {isa = PBXBuildFile; fileRef = A9A436132F758F1200DABD54 /* libjhara_universal.a */; };
/* End PBXBuildFile section */

/* Begin PBXContainerItemProxy section */
		A9568D8C2F73C54100F945B4 /* PBXContainerItemProxy */ = {
			isa = PBXContainerItemProxy;
			containerPortal = A9568D762F73C54000F945B4 /* Project object */;
			proxyType = 1;
			remoteGlobalIDString = A9568D7D2F73C54000F945B4;
			remoteInfo = jhara;
		};
		A9568D962F73C54100F945B4 /* PBXContainerItemProxy */ = {
			isa = PBXContainerItemProxy;
			containerPortal = A9568D762F73C54000F945B4 /* Project object */;
			proxyType = 1;
			remoteGlobalIDString = A9568D7D2F73C54000F945B4;
			remoteInfo = jhara;
		};
/* End PBXContainerItemProxy section */

/* Begin PBXFileReference section */
		A9568D7E2F73C54000F945B4 /* jhara.app */ = {isa = PBXFileReference; explicitFileType = wrapper.application; includeInIndex = 0; path = jhara.app; sourceTree = BUILT_PRODUCTS_DIR; };
		A9568D8B2F73C54100F945B4 /* jharaTests.xctest */ = {isa = PBXFileReference; explicitFileType = wrapper.cfbundle; includeInIndex = 0; path = jharaTests.xctest; sourceTree = BUILT_PRODUCTS_DIR; };
		A9568D952F73C54100F945B4 /* jharaUITests.xctest */ = {isa = PBXFileReference; explicitFileType = wrapper.cfbundle; includeInIndex = 0; path = jharaUITests.xctest; sourceTree = BUILT_PRODUCTS_DIR; };
		A9A436132F758F1200DABD54 /* libjhara_universal.a */ = {isa = PBXFileReference; lastKnownFileType = archive.ar; name = libjhara_universal.a; path = lib/libjhara_universal.a; sourceTree = "<group>"; };
		A9F28AD62F76311700C4A704 /* jhara.xcodeproj */ = {isa = PBXFileReference; lastKnownFileType = "wrapper.pb-project"; path = jhara.xcodeproj; sourceTree = "<group>"; };
/* End PBXFileReference section */

/* Begin PBXFileSystemSynchronizedBuildFileExceptionSet section */
		A918E6032F748E1A0004C6FB /* Exceptions for "jhara" folder in "jhara" target */ = {
			isa = PBXFileSystemSynchronizedBuildFileExceptionSet;
			membershipExceptions = (
				Cleaner/DeletionPlan.o,
				Cleaner/TrashCoordinator.o,
			);
			target = A9568D7D2F73C54000F945B4 /* jhara */;
		};
/* End PBXFileSystemSynchronizedBuildFileExceptionSet section */

/* Begin PBXFileSystemSynchronizedRootGroup section */
		A9568D802F73C54000F945B4 /* jhara */ = {
			isa = PBXFileSystemSynchronizedRootGroup;
			exceptions = (
				A918E6032F748E1A0004C6FB /* Exceptions for "jhara" folder in "jhara" target */,
			);
			path = jhara;
			sourceTree = "<group>";
		};
		A9568D8E2F73C54100F945B4 /* jharaTests */ = {
			isa = PBXFileSystemSynchronizedRootGroup;
			path = jharaTests;
			sourceTree = "<group>";
		};
		A9568D982F73C54100F945B4 /* jharaUITests */ = {
			isa = PBXFileSystemSynchronizedRootGroup;
			path = jharaUITests;
			sourceTree = "<group>";
		};
/* End PBXFileSystemSynchronizedRootGroup section */

/* Begin PBXFrameworksBuildPhase section */
		A9568D7B2F73C54000F945B4 /* Frameworks */ = {
			isa = PBXFrameworksBuildPhase;
			buildActionMask = 2147483647;
			files = (
				A9A436142F758F1C00DABD54 /* libjhara_universal.a in Frameworks */,
				A9568E192F73CFDD00F945B4 /* GRDB in Frameworks */,
			);
			runOnlyForDeploymentPostprocessing = 0;
		};
		A9568D882F73C54100F945B4 /* Frameworks */ = {
			isa = PBXFrameworksBuildPhase;
			buildActionMask = 2147483647;
			files = (
			);
			runOnlyForDeploymentPostprocessing = 0;
		};
		A9568D922F73C54100F945B4 /* Frameworks */ = {
			isa = PBXFrameworksBuildPhase;
			buildActionMask = 2147483647;
			files = (
			);
			runOnlyForDeploymentPostprocessing = 0;
		};
/* End PBXFrameworksBuildPhase section */

/* Begin PBXGroup section */
		A9568D752F73C54000F945B4 = {
			isa = PBXGroup;
			children = (
				A9568D802F73C54000F945B4 /* jhara */,
				A9568D8E2F73C54100F945B4 /* jharaTests */,
				A9568D982F73C54100F945B4 /* jharaUITests */,
				A9568E232F73FB4C00F945B4 /* Frameworks */,
				A9568D7F2F73C54000F945B4 /* Products */,
			);
			sourceTree = "<group>";
		};
		A9568D7F2F73C54000F945B4 /* Products */ = {
			isa = PBXGroup;
			children = (
				A9568D7E2F73C54000F945B4 /* jhara.app */,
				A9568D8B2F73C54100F945B4 /* jharaTests.xctest */,
				A9568D952F73C54100F945B4 /* jharaUITests.xctest */,
			);
			name = Products;
			sourceTree = "<group>";
		};
		A9568E232F73FB4C00F945B4 /* Frameworks */ = {
			isa = PBXGroup;
			children = (
				A9A436132F758F1200DABD54 /* libjhara_universal.a */,
			);
			name = Frameworks;
			sourceTree = "<group>";
		};
		A9F28ADA2F76311700C4A704 /* Products */ = {
			isa = PBXGroup;
			children = (
			);
			name = Products;
			sourceTree = "<group>";
		};
/* End PBXGroup section */

/* Begin PBXNativeTarget section */
		A9568D7D2F73C54000F945B4 /* jhara */ = {
			isa = PBXNativeTarget;
			buildConfigurationList = A9568D9F2F73C54100F945B4 /* Build configuration list for PBXNativeTarget "jhara" */;
			buildPhases = (
				A9568D7A2F73C54000F945B4 /* Sources */,
				A9568D7B2F73C54000F945B4 /* Frameworks */,
				A9568D7C2F73C54000F945B4 /* Resources */,
			);
			buildRules = (
			);
			dependencies = (
			);
			fileSystemSynchronizedGroups = (
				A9568D802F73C54000F945B4 /* jhara */,
			);
			name = jhara;
			packageProductDependencies = (
				A9568E182F73CFDD00F945B4 /* GRDB */,
			);
			productName = jhara;
			productReference = A9568D7E2F73C54000F945B4 /* jhara.app */;
			productType = "com.apple.product-type.application";
		};
		A9568D8A2F73C54100F945B4 /* jharaTests */ = {
			isa = PBXNativeTarget;
			buildConfigurationList = A9568DA22F73C54100F945B4 /* Build configuration list for PBXNativeTarget "jharaTests" */;
			buildPhases = (
				A9568D872F73C54100F945B4 /* Sources */,
				A9568D882F73C54100F945B4 /* Frameworks */,
				A9568D892F73C54100F945B4 /* Resources */,
			);
			buildRules = (
			);
			dependencies = (
				A9568D8D2F73C54100F945B4 /* PBXTargetDependency */,
			);
			fileSystemSynchronizedGroups = (
				A9568D8E2F73C54100F945B4 /* jharaTests */,
			);
			name = jharaTests;
			packageProductDependencies = (
			);
			productName = jharaTests;
			productReference = A9568D8B2F73C54100F945B4 /* jharaTests.xctest */;
			productType = "com.apple.product-type.bundle.unit-test";
		};
		A9568D942F73C54100F945B4 /* jharaUITests */ = {
			isa = PBXNativeTarget;
			buildConfigurationList = A9568DA52F73C54100F945B4 /* Build configuration list for PBXNativeTarget "jharaUITests" */;
			buildPhases = (
				A9568D912F73C54100F945B4 /* Sources */,
				A9568D922F73C54100F945B4 /* Frameworks */,
				A9568D932F73C54100F945B4 /* Resources */,
			);
			buildRules = (
			);
			dependencies = (
				A9568D972F73C54100F945B4 /* PBXTargetDependency */,
			);
			fileSystemSynchronizedGroups = (
				A9568D982F73C54100F945B4 /* jharaUITests */,
			);
			name = jharaUITests;
			packageProductDependencies = (
			);
			productName = jharaUITests;
			productReference = A9568D952F73C54100F945B4 /* jharaUITests.xctest */;
			productType = "com.apple.product-type.bundle.ui-testing";
		};
/* End PBXNativeTarget section */

/* Begin PBXProject section */
		A9568D762F73C54000F945B4 /* Project object */ = {
			isa = PBXProject;
			attributes = {
				BuildIndependentTargetsInParallel = 1;
				LastSwiftUpdateCheck = 2630;
				LastUpgradeCheck = 2630;
				TargetAttributes = {
					A9568D7D2F73C54000F945B4 = {
						CreatedOnToolsVersion = 26.3;
					};
					A9568D8A2F73C54100F945B4 = {
						CreatedOnToolsVersion = 26.3;
						TestTargetID = A9568D7D2F73C54000F945B4;
					};
					A9568D942F73C54100F945B4 = {
						CreatedOnToolsVersion = 26.3;
						TestTargetID = A9568D7D2F73C54000F945B4;
					};
				};
			};
			buildConfigurationList = A9568D792F73C54000F945B4 /* Build configuration list for PBXProject "jhara" */;
			developmentRegion = en;
			hasScannedForEncodings = 0;
			knownRegions = (
				en,
				Base,
			);
			mainGroup = A9568D752F73C54000F945B4;
			minimizedProjectReferenceProxies = 1;
			packageReferences = (
				A9568E172F73CFDD00F945B4 /* XCRemoteSwiftPackageReference "GRDB.swift" */,
			);
			preferredProjectObjectVersion = 77;
			productRefGroup = A9568D7F2F73C54000F945B4 /* Products */;
			projectDirPath = "";
			projectReferences = (
				{
					ProductGroup = A9F28ADA2F76311700C4A704 /* Products */;
					ProjectRef = A9F28AD62F76311700C4A704 /* jhara.xcodeproj */;
				},
			);
			projectRoot = "";
			targets = (
				A9568D7D2F73C54000F945B4 /* jhara */,
				A9568D8A2F73C54100F945B4 /* jharaTests */,
				A9568D942F73C54100F945B4 /* jharaUITests */,
			);
		};
/* End PBXProject section */

/* Begin PBXResourcesBuildPhase section */
		A9568D7C2F73C54000F945B4 /* Resources */ = {
			isa = PBXResourcesBuildPhase;
			buildActionMask = 2147483647;
			files = (
			);
			runOnlyForDeploymentPostprocessing = 0;
		};
		A9568D892F73C54100F945B4 /* Resources */ = {
			isa = PBXResourcesBuildPhase;
			buildActionMask = 2147483647;
			files = (
			);
			runOnlyForDeploymentPostprocessing = 0;
		};
		A9568D932F73C54100F945B4 /* Resources */ = {
			isa = PBXResourcesBuildPhase;
			buildActionMask = 2147483647;
			files = (
			);
			runOnlyForDeploymentPostprocessing = 0;
		};
/* End PBXResourcesBuildPhase section */

/* Begin PBXSourcesBuildPhase section */
		A9568D7A2F73C54000F945B4 /* Sources */ = {
			isa = PBXSourcesBuildPhase;
			buildActionMask = 2147483647;
			files = (
			);
			runOnlyForDeploymentPostprocessing = 0;
		};
		A9568D872F73C54100F945B4 /* Sources */ = {
			isa = PBXSourcesBuildPhase;
			buildActionMask = 2147483647;
			files = (
			);
			runOnlyForDeploymentPostprocessing = 0;
		};
		A9568D912F73C54100F945B4 /* Sources */ = {
			isa = PBXSourcesBuildPhase;
			buildActionMask = 2147483647;
			files = (
			);
			runOnlyForDeploymentPostprocessing = 0;
		};
/* End PBXSourcesBuildPhase section */

/* Begin PBXTargetDependency section */
		A9568D8D2F73C54100F945B4 /* PBXTargetDependency */ = {
			isa = PBXTargetDependency;
			target = A9568D7D2F73C54000F945B4 /* jhara */;
			targetProxy = A9568D8C2F73C54100F945B4 /* PBXContainerItemProxy */;
		};
		A9568D972F73C54100F945B4 /* PBXTargetDependency */ = {
			isa = PBXTargetDependency;
			target = A9568D7D2F73C54000F945B4 /* jhara */;
			targetProxy = A9568D962F73C54100F945B4 /* PBXContainerItemProxy */;
		};
/* End PBXTargetDependency section */

/* Begin XCBuildConfiguration section */
		A9568D9D2F73C54100F945B4 /* Debug */ = {
			isa = XCBuildConfiguration;
			buildSettings = {
				ALWAYS_SEARCH_USER_PATHS = NO;
				ASSETCATALOG_COMPILER_GENERATE_SWIFT_ASSET_SYMBOL_EXTENSIONS = YES;
				CLANG_ANALYZER_NONNULL = YES;
				CLANG_ANALYZER_NUMBER_OBJECT_CONVERSION = YES_AGGRESSIVE;
				CLANG_CXX_LANGUAGE_STANDARD = "gnu++20";
				CLANG_ENABLE_MODULES = YES;
				CLANG_ENABLE_OBJC_ARC = YES;
				CLANG_ENABLE_OBJC_WEAK = YES;
				CLANG_WARN_BLOCK_CAPTURE_AUTORELEASING = YES;
				CLANG_WARN_BOOL_CONVERSION = YES;
				CLANG_WARN_COMMA = YES;
				CLANG_WARN_CONSTANT_CONVERSION = YES;
				CLANG_WARN_DEPRECATED_OBJC_IMPLEMENTATIONS = YES;
				CLANG_WARN_DIRECT_OBJC_ISA_USAGE = YES_ERROR;
				CLANG_WARN_DOCUMENTATION_COMMENTS = YES;
				CLANG_WARN_EMPTY_BODY = YES;
				CLANG_WARN_ENUM_CONVERSION = YES;
				CLANG_WARN_INFINITE_RECURSION = YES;
				CLANG_WARN_INT_CONVERSION = YES;
				CLANG_WARN_NON_LITERAL_NULL_CONVERSION = YES;
				CLANG_WARN_OBJC_IMPLICIT_RETAIN_SELF = YES;
				CLANG_WARN_OBJC_LITERAL_CONVERSION = YES;
				CLANG_WARN_OBJC_ROOT_CLASS = YES_ERROR;
				CLANG_WARN_QUOTED_INCLUDE_IN_FRAMEWORK_HEADER = YES;
				CLANG_WARN_RANGE_LOOP_ANALYSIS = YES;
				CLANG_WARN_STRICT_PROTOTYPES = YES;
				CLANG_WARN_SUSPICIOUS_MOVE = YES;
				CLANG_WARN_UNGUARDED_AVAILABILITY = YES_AGGRESSIVE;
				CLANG_WARN_UNREACHABLE_CODE = YES;
				CLANG_WARN__DUPLICATE_METHOD_MATCH = YES;
				COPY_PHASE_STRIP = NO;
				DEBUG_INFORMATION_FORMAT = dwarf;
				DEVELOPMENT_TEAM = AASBTHFU29;
				ENABLE_STRICT_OBJC_MSGSEND = YES;
				ENABLE_TESTABILITY = YES;
				ENABLE_USER_SCRIPT_SANDBOXING = YES;
				GCC_C_LANGUAGE_STANDARD = gnu17;
				GCC_DYNAMIC_NO_PIC = NO;
				GCC_NO_COMMON_BLOCKS = YES;
				GCC_OPTIMIZATION_LEVEL = 0;
				GCC_PREPROCESSOR_DEFINITIONS = (
					"DEBUG=1",
					"$(inherited)",
				);
				GCC_WARN_64_TO_32_BIT_CONVERSION = YES;
				GCC_WARN_ABOUT_RETURN_TYPE = YES_ERROR;
				GCC_WARN_UNDECLARED_SELECTOR = YES;
				GCC_WARN_UNINITIALIZED_AUTOS = YES_AGGRESSIVE;
				GCC_WARN_UNUSED_FUNCTION = YES;
				GCC_WARN_UNUSED_VARIABLE = YES;
				HEADER_SEARCH_PATHS = (
					"$(inherited)",
					"$(PROJECT_DIR)/include",
				);
				LIBRARY_SEARCH_PATHS = (
					"$(inherited)",
					"$(PROJECT_DIR)/lib",
				);
				LOCALIZATION_PREFERS_STRING_CATALOGS = YES;
				MACOSX_DEPLOYMENT_TARGET = 14.6;
				MTL_ENABLE_DEBUG_INFO = INCLUDE_SOURCE;
				MTL_FAST_MATH = YES;
				ONLY_ACTIVE_ARCH = YES;
				OTHER_LDFLAGS = (
					"$(inherited)",
					"-ljhara_universal",
				);
				SDKROOT = macosx;
				SWIFT_ACTIVE_COMPILATION_CONDITIONS = "DEBUG $(inherited)";
				SWIFT_OBJC_BRIDGING_HEADER = "$(SRCROOT)/include/JharaApp-Bridging-Header.h";
				SWIFT_OPTIMIZATION_LEVEL = "-Onone";
			};
			name = Debug;
		};
		A9568D9E2F73C54100F945B4 /* Release */ = {
			isa = XCBuildConfiguration;
			buildSettings = {
				ALWAYS_SEARCH_USER_PATHS = NO;
				ASSETCATALOG_COMPILER_GENERATE_SWIFT_ASSET_SYMBOL_EXTENSIONS = YES;
				CLANG_ANALYZER_NONNULL = YES;
				CLANG_ANALYZER_NUMBER_OBJECT_CONVERSION = YES_AGGRESSIVE;
				CLANG_CXX_LANGUAGE_STANDARD = "gnu++20";
				CLANG_ENABLE_MODULES = YES;
				CLANG_ENABLE_OBJC_ARC = YES;
				CLANG_ENABLE_OBJC_WEAK = YES;
				CLANG_WARN_BLOCK_CAPTURE_AUTORELEASING = YES;
				CLANG_WARN_BOOL_CONVERSION = YES;
				CLANG_WARN_COMMA = YES;
				CLANG_WARN_CONSTANT_CONVERSION = YES;
				CLANG_WARN_DEPRECATED_OBJC_IMPLEMENTATIONS = YES;
				CLANG_WARN_DIRECT_OBJC_ISA_USAGE = YES_ERROR;
				CLANG_WARN_DOCUMENTATION_COMMENTS = YES;
				CLANG_WARN_EMPTY_BODY = YES;
				CLANG_WARN_ENUM_CONVERSION = YES;
				CLANG_WARN_INFINITE_RECURSION = YES;
				CLANG_WARN_INT_CONVERSION = YES;
				CLANG_WARN_NON_LITERAL_NULL_CONVERSION = YES;
				CLANG_WARN_OBJC_IMPLICIT_RETAIN_SELF = YES;
				CLANG_WARN_OBJC_LITERAL_CONVERSION = YES;
				CLANG_WARN_OBJC_ROOT_CLASS = YES_ERROR;
				CLANG_WARN_QUOTED_INCLUDE_IN_FRAMEWORK_HEADER = YES;
				CLANG_WARN_RANGE_LOOP_ANALYSIS = YES;
				CLANG_WARN_STRICT_PROTOTYPES = YES;
				CLANG_WARN_SUSPICIOUS_MOVE = YES;
				CLANG_WARN_UNGUARDED_AVAILABILITY = YES_AGGRESSIVE;
				CLANG_WARN_UNREACHABLE_CODE = YES;
				CLANG_WARN__DUPLICATE_METHOD_MATCH = YES;
				COPY_PHASE_STRIP = NO;
				DEBUG_INFORMATION_FORMAT = "dwarf-with-dsym";
				DEVELOPMENT_TEAM = AASBTHFU29;
				ENABLE_NS_ASSERTIONS = NO;
				ENABLE_STRICT_OBJC_MSGSEND = YES;
				ENABLE_USER_SCRIPT_SANDBOXING = YES;
				GCC_C_LANGUAGE_STANDARD = gnu17;
				GCC_NO_COMMON_BLOCKS = YES;
				GCC_WARN_64_TO_32_BIT_CONVERSION = YES;
				GCC_WARN_ABOUT_RETURN_TYPE = YES_ERROR;
				GCC_WARN_UNDECLARED_SELECTOR = YES;
				GCC_WARN_UNINITIALIZED_AUTOS = YES_AGGRESSIVE;
				GCC_WARN_UNUSED_FUNCTION = YES;
				GCC_WARN_UNUSED_VARIABLE = YES;
				HEADER_SEARCH_PATHS = (
					"$(inherited)",
					"$(PROJECT_DIR)/include",
				);
				LIBRARY_SEARCH_PATHS = (
					"$(inherited)",
					"$(PROJECT_DIR)/lib",
				);
				LOCALIZATION_PREFERS_STRING_CATALOGS = YES;
				MACOSX_DEPLOYMENT_TARGET = 14.6;
				MTL_ENABLE_DEBUG_INFO = NO;
				MTL_FAST_MATH = YES;
				OTHER_LDFLAGS = (
					"$(inherited)",
					"-ljhara_universal",
				);
				SDKROOT = macosx;
				SWIFT_COMPILATION_MODE = wholemodule;
				SWIFT_OBJC_BRIDGING_HEADER = "$(SRCROOT)/include/JharaApp-Bridging-Header.h";
			};
			name = Release;
		};
		A9568DA02F73C54100F945B4 /* Debug */ = {
			isa = XCBuildConfiguration;
			buildSettings = {
				ASSETCATALOG_COMPILER_APPICON_NAME = AppIcon;
				ASSETCATALOG_COMPILER_GLOBAL_ACCENT_COLOR_NAME = AccentColor;
				CODE_SIGN_STYLE = Automatic;
				COMBINE_HIDPI_IMAGES = YES;
				CURRENT_PROJECT_VERSION = 1;
				DEVELOPMENT_TEAM = AASBTHFU29;
				ENABLE_APP_SANDBOX = NO;
				ENABLE_HARDENED_RUNTIME = NO;
				ENABLE_PREVIEWS = YES;
				ENABLE_USER_SELECTED_FILES = readonly;
				GENERATE_INFOPLIST_FILE = YES;
				HEADER_SEARCH_PATHS = "$(PROJECT_DIR)/include";
				INFOPLIST_KEY_LSApplicationCategoryType = "public.app-category.developer-tools";
				INFOPLIST_KEY_NSHumanReadableCopyright = "";
				LD_RUNPATH_SEARCH_PATHS = (
					"$(inherited)",
					"@executable_path/../Frameworks",
				);
				LIBRARY_SEARCH_PATHS = "$(PROJECT_DIR)/lib";
				MACOSX_DEPLOYMENT_TARGET = 14.6;
				MARKETING_VERSION = 1.0;
				OTHER_LDFLAGS = (
					"$(inherited)",
					"-ljhara_universal",
				);
				PRODUCT_BUNDLE_IDENTIFIER = com.hmyousuf.jhara;
				PRODUCT_NAME = "$(TARGET_NAME)";
				REGISTER_APP_GROUPS = YES;
				STRING_CATALOG_GENERATE_SYMBOLS = YES;
				SWIFT_APPROACHABLE_CONCURRENCY = YES;
				SWIFT_DEFAULT_ACTOR_ISOLATION = MainActor;
				SWIFT_EMIT_LOC_STRINGS = YES;
				SWIFT_OBJC_BRIDGING_HEADER = "$(SRCROOT)/include/JharaApp-Bridging-Header.h";
				SWIFT_UPCOMING_FEATURE_MEMBER_IMPORT_VISIBILITY = YES;
				SWIFT_VERSION = 5.0;
			};
			name = Debug;
		};
		A9568DA12F73C54100F945B4 /* Release */ = {
			isa = XCBuildConfiguration;
			buildSettings = {
				ASSETCATALOG_COMPILER_APPICON_NAME = AppIcon;
				ASSETCATALOG_COMPILER_GLOBAL_ACCENT_COLOR_NAME = AccentColor;
				CODE_SIGN_STYLE = Automatic;
				COMBINE_HIDPI_IMAGES = YES;
				CURRENT_PROJECT_VERSION = 1;
				DEVELOPMENT_TEAM = AASBTHFU29;
				ENABLE_APP_SANDBOX = NO;
				ENABLE_HARDENED_RUNTIME = NO;
				ENABLE_PREVIEWS = YES;
				ENABLE_USER_SELECTED_FILES = readonly;
				GENERATE_INFOPLIST_FILE = YES;
				HEADER_SEARCH_PATHS = "$(PROJECT_DIR)/include";
				INFOPLIST_KEY_LSApplicationCategoryType = "public.app-category.developer-tools";
				INFOPLIST_KEY_NSHumanReadableCopyright = "";
				LD_RUNPATH_SEARCH_PATHS = (
					"$(inherited)",
					"@executable_path/../Frameworks",
				);
				LIBRARY_SEARCH_PATHS = "$(PROJECT_DIR)/lib";
				MACOSX_DEPLOYMENT_TARGET = 14.6;
				MARKETING_VERSION = 1.0;
				OTHER_LDFLAGS = (
					"$(inherited)",
					"-ljhara_universal",
				);
				PRODUCT_BUNDLE_IDENTIFIER = com.hmyousuf.jhara;
				PRODUCT_NAME = "$(TARGET_NAME)";
				REGISTER_APP_GROUPS = YES;
				STRING_CATALOG_GENERATE_SYMBOLS = YES;
				SWIFT_APPROACHABLE_CONCURRENCY = YES;
				SWIFT_DEFAULT_ACTOR_ISOLATION = MainActor;
				SWIFT_EMIT_LOC_STRINGS = YES;
				SWIFT_OBJC_BRIDGING_HEADER = "$(SRCROOT)/include/JharaApp-Bridging-Header.h";
				SWIFT_UPCOMING_FEATURE_MEMBER_IMPORT_VISIBILITY = YES;
				SWIFT_VERSION = 5.0;
			};
			name = Release;
		};
		A9568DA32F73C54100F945B4 /* Debug */ = {
			isa = XCBuildConfiguration;
			buildSettings = {
				BUNDLE_LOADER = "$(TEST_HOST)";
				CODE_SIGN_STYLE = Automatic;
				CURRENT_PROJECT_VERSION = 1;
				DEVELOPMENT_TEAM = AASBTHFU29;
				GENERATE_INFOPLIST_FILE = YES;
				MACOSX_DEPLOYMENT_TARGET = 14.6;
				MARKETING_VERSION = 1.0;
				PRODUCT_BUNDLE_IDENTIFIER = com.hmyousuf.jharaTests;
				PRODUCT_NAME = "$(TARGET_NAME)";
				STRING_CATALOG_GENERATE_SYMBOLS = NO;
				SWIFT_APPROACHABLE_CONCURRENCY = YES;
				SWIFT_EMIT_LOC_STRINGS = NO;
				SWIFT_UPCOMING_FEATURE_MEMBER_IMPORT_VISIBILITY = YES;
				SWIFT_VERSION = 5.0;
				TEST_HOST = "$(BUILT_PRODUCTS_DIR)/jhara.app/$(BUNDLE_EXECUTABLE_FOLDER_PATH)/jhara";
			};
			name = Debug;
		};
		A9568DA42F73C54100F945B4 /* Release */ = {
			isa = XCBuildConfiguration;
			buildSettings = {
				BUNDLE_LOADER = "$(TEST_HOST)";
				CODE_SIGN_STYLE = Automatic;
				CURRENT_PROJECT_VERSION = 1;
				DEVELOPMENT_TEAM = AASBTHFU29;
				GENERATE_INFOPLIST_FILE = YES;
				MACOSX_DEPLOYMENT_TARGET = 14.6;
				MARKETING_VERSION = 1.0;
				PRODUCT_BUNDLE_IDENTIFIER = com.hmyousuf.jharaTests;
				PRODUCT_NAME = "$(TARGET_NAME)";
				STRING_CATALOG_GENERATE_SYMBOLS = NO;
				SWIFT_APPROACHABLE_CONCURRENCY = YES;
				SWIFT_EMIT_LOC_STRINGS = NO;
				SWIFT_UPCOMING_FEATURE_MEMBER_IMPORT_VISIBILITY = YES;
				SWIFT_VERSION = 5.0;
				TEST_HOST = "$(BUILT_PRODUCTS_DIR)/jhara.app/$(BUNDLE_EXECUTABLE_FOLDER_PATH)/jhara";
			};
			name = Release;
		};
		A9568DA62F73C54100F945B4 /* Debug */ = {
			isa = XCBuildConfiguration;
			buildSettings = {
				CODE_SIGN_STYLE = Automatic;
				CURRENT_PROJECT_VERSION = 1;
				DEVELOPMENT_TEAM = AASBTHFU29;
				GENERATE_INFOPLIST_FILE = YES;
				MARKETING_VERSION = 1.0;
				PRODUCT_BUNDLE_IDENTIFIER = com.hmyousuf.jharaUITests;
				PRODUCT_NAME = "$(TARGET_NAME)";
				STRING_CATALOG_GENERATE_SYMBOLS = NO;
				SWIFT_APPROACHABLE_CONCURRENCY = YES;
				SWIFT_EMIT_LOC_STRINGS = NO;
				SWIFT_UPCOMING_FEATURE_MEMBER_IMPORT_VISIBILITY = YES;
				SWIFT_VERSION = 5.0;
				TEST_TARGET_NAME = jhara;
			};
			name = Debug;
		};
		A9568DA72F73C54100F945B4 /* Release */ = {
			isa = XCBuildConfiguration;
			buildSettings = {
				CODE_SIGN_STYLE = Automatic;
				CURRENT_PROJECT_VERSION = 1;
				DEVELOPMENT_TEAM = AASBTHFU29;
				GENERATE_INFOPLIST_FILE = YES;
				MARKETING_VERSION = 1.0;
				PRODUCT_BUNDLE_IDENTIFIER = com.hmyousuf.jharaUITests;
				PRODUCT_NAME = "$(TARGET_NAME)";
				STRING_CATALOG_GENERATE_SYMBOLS = NO;
				SWIFT_APPROACHABLE_CONCURRENCY = YES;
				SWIFT_EMIT_LOC_STRINGS = NO;
				SWIFT_UPCOMING_FEATURE_MEMBER_IMPORT_VISIBILITY = YES;
				SWIFT_VERSION = 5.0;
				TEST_TARGET_NAME = jhara;
			};
			name = Release;
		};
/* End XCBuildConfiguration section */

/* Begin XCConfigurationList section */
		A9568D792F73C54000F945B4 /* Build configuration list for PBXProject "jhara" */ = {
			isa = XCConfigurationList;
			buildConfigurations = (
				A9568D9D2F73C54100F945B4 /* Debug */,
				A9568D9E2F73C54100F945B4 /* Release */,
			);
			defaultConfigurationIsVisible = 0;
			defaultConfigurationName = Release;
		};
		A9568D9F2F73C54100F945B4 /* Build configuration list for PBXNativeTarget "jhara" */ = {
			isa = XCConfigurationList;
			buildConfigurations = (
				A9568DA02F73C54100F945B4 /* Debug */,
				A9568DA12F73C54100F945B4 /* Release */,
			);
			defaultConfigurationIsVisible = 0;
			defaultConfigurationName = Release;
		};
		A9568DA22F73C54100F945B4 /* Build configuration list for PBXNativeTarget "jharaTests" */ = {
			isa = XCConfigurationList;
			buildConfigurations = (
				A9568DA32F73C54100F945B4 /* Debug */,
				A9568DA42F73C54100F945B4 /* Release */,
			);
			defaultConfigurationIsVisible = 0;
			defaultConfigurationName = Release;
		};
		A9568DA52F73C54100F945B4 /* Build configuration list for PBXNativeTarget "jharaUITests" */ = {
			isa = XCConfigurationList;
			buildConfigurations = (
				A9568DA62F73C54100F945B4 /* Debug */,
				A9568DA72F73C54100F945B4 /* Release */,
			);
			defaultConfigurationIsVisible = 0;
			defaultConfigurationName = Release;
		};
/* End XCConfigurationList section */

/* Begin XCRemoteSwiftPackageReference section */
		A9568E172F73CFDD00F945B4 /* XCRemoteSwiftPackageReference "GRDB.swift" */ = {
			isa = XCRemoteSwiftPackageReference;
			repositoryURL = "https://github.com/groue/GRDB.swift.git";
			requirement = {
				branch = master;
				kind = branch;
			};
		};
/* End XCRemoteSwiftPackageReference section */

/* Begin XCSwiftPackageProductDependency section */
		A9568E182F73CFDD00F945B4 /* GRDB */ = {
			isa = XCSwiftPackageProductDependency;
			package = A9568E172F73CFDD00F945B4 /* XCRemoteSwiftPackageReference "GRDB.swift" */;
			productName = GRDB;
		};
/* End XCSwiftPackageProductDependency section */
	};
	rootObject = A9568D762F73C54000F945B4 /* Project object */;
}
